// !$*UTF8*$!
{
	archiveVersion = 1;
	classes = {
	};
	objectVersion = 46;
	objects = {

/* Begin PBXBuildFile section */
		8134F9A21CD5B07900B276E0 /* main.m in Sources */ = {isa = PBXBuildFile; fileRef = 8134F9A11CD5B07900B276E0 /* main.m */; };
		8134F9A51CD5B07900B276E0 /* AppDelegate.m in Sources */ = {isa = PBXBuildFile; fileRef = 8134F9A41CD5B07900B276E0 /* AppDelegate.m */; };
		8134F9A81CD5B07900B276E0 /* ViewController.m in Sources */ = {isa = PBXBuildFile; fileRef = 8134F9A71CD5B07900B276E0 /* ViewController.m */; };
		8134F9AB1CD5B07900B276E0 /* Main.storyboard in Resources */ = {isa = PBXBuildFile; fileRef = 8134F9A91CD5B07900B276E0 /* Main.storyboard */; };
		8134F9AD1CD5B07900B276E0 /* Assets.xcassets in Resources */ = {isa = PBXBuildFile; fileRef = 8134F9AC1CD5B07900B276E0 /* Assets.xcassets */; };
		8134F9B01CD5B07900B276E0 /* LaunchScreen.storyboard in Resources */ = {isa = PBXBuildFile; fileRef = 8134F9AE1CD5B07900B276E0 /* LaunchScreen.storyboard */; };
		8134F9BB1CD5B07900B276E0 /* _____Tests.m in Sources */ = {isa = PBXBuildFile; fileRef = 8134F9BA1CD5B07900B276E0 /* _____Tests.m */; };
		8134F9C61CD5B07900B276E0 /* _____UITests.m in Sources */ = {isa = PBXBuildFile; fileRef = 8134F9C51CD5B07900B276E0 /* _____UITests.m */; };
/* End PBXBuildFile section */

/* Begin PBXContainerItemProxy section */
		8134F9B71CD5B07900B276E0 /* PBXContainerItemProxy */ = {
			isa = PBXContainerItemProxy;
			containerPortal = 8134F9951CD5B07900B276E0 /* Project object */;
			proxyType = 1;
			remoteGlobalIDString = 8134F99C1CD5B07900B276E0;
			remoteInfo = "倒计时设置";
		};
		8134F9C21CD5B07900B276E0 /* PBXContainerItemProxy */ = {
			isa = PBXContainerItemProxy;
			containerPortal = 8134F9951CD5B07900B276E0 /* Project object */;
			proxyType = 1;
			remoteGlobalIDString = 8134F99C1CD5B07900B276E0;
			remoteInfo = "倒计时设置";
		};
/* End PBXContainerItemProxy section */

/* Begin PBXFileReference section */
		8134F99D1CD5B07900B276E0 /* 倒计时设置.app */ = {isa = PBXFileReference; explicitFileType = wrapper.application; includeInIndex = 0; path = "倒计时设置.app"; sourceTree = BUILT_PRODUCTS_DIR; };
		8134F9A11CD5B07900B276E0 /* main.m */ = {isa = PBXFileReference; lastKnownFileType = sourcecode.c.objc; path = main.m; sourceTree = "<group>"; };
		8134F9A31CD5B07900B276E0 /* AppDelegate.h */ = {isa = PBXFileReference; lastKnownFileType = sourcecode.c.h; path = AppDelegate.h; sourceTree = "<group>"; };
		8134F9A41CD5B07900B276E0 /* AppDelegate.m */ = {isa = PBXFileReference; lastKnownFileType = sourcecode.c.objc; path = AppDelegate.m; sourceTree = "<group>"; };
		8134F9A61CD5B07900B276E0 /* ViewController.h */ = {isa = PBXFileReference; lastKnownFileType = sourcecode.c.h; path = ViewController.h; sourceTree = "<group>"; };
		8134F9A71CD5B07900B276E0 /* ViewController.m */ = {isa = PBXFileReference; lastKnownFileType = sourcecode.c.objc; path = ViewController.m; sourceTree = "<group>"; };
		8134F9AA1CD5B07900B276E0 /* Base */ = {isa = PBXFileReference; lastKnownFileType = file.storyboard; name = Base; path = Base.lproj/Main.storyboard; sourceTree = "<group>"; };
		8134F9AC1CD5B07900B276E0 /* Assets.xcassets */ = {isa = PBXFileReference; lastKnownFileType = folder.assetcatalog; path = Assets.xcassets; sourceTree = "<group>"; };
		8134F9AF1CD5B07900B276E0 /* Base */ = {isa = PBXFileReference; lastKnownFileType = file.storyboard; name = Base; path = Base.lproj/LaunchScreen.storyboard; sourceTree = "<group>"; };
		8134F9B11CD5B07900B276E0 /* Info.plist */ = {isa = PBXFileReference; lastKnownFileType = text.plist.xml; path = Info.plist; sourceTree = "<group>"; };
		8134F9B61CD5B07900B276E0 /* 倒计时设置Tests.xctest */ = {isa = PBXFileReference; explicitFileType = wrapper.cfbundle; includeInIndex = 0; path = "倒计时设置Tests.xctest"; sourceTree = BUILT_PRODUCTS_DIR; };
		8134F9BA1CD5B07900B276E0 /* _____Tests.m */ = {isa = PBXFileReference; lastKnownFileType = sourcecode.c.objc; path = "_____Tests.m"; sourceTree = "<group>"; };
		8134F9BC1CD5B07900B276E0 /* Info.plist */ = {isa = PBXFileReference; lastKnownFileType = text.plist.xml; path = Info.plist; sourceTree = "<group>"; };
		8134F9C11CD5B07900B276E0 /* 倒计时设置UITests.xctest */ = {isa = PBXFileReference; explicitFileType = wrapper.cfbundle; includeInIndex = 0; path = "倒计时设置UITests.xctest"; sourceTree = BUILT_PRODUCTS_DIR; };
		8134F9C51CD5B07900B276E0 /* _____UITests.m */ = {isa = PBXFileReference; lastKnownFileType = sourcecode.c.objc; path = "_____UITests.m"; sourceTree = "<group>"; };
		8134F9C71CD5B07900B276E0 /* Info.plist */ = {isa = PBXFileReference; lastKnownFileType = text.plist.xml; path = Info.plist; sourceTree = "<group>"; };
/* End PBXFileReference section */

/* Begin PBXFrameworksBuildPhase section */
		8134F99A1CD5B07900B276E0 /* Frameworks */ = {
			isa = PBXFrameworksBuildPhase;
			buildActionMask = 2147483647;
			files = (
			);
			runOnlyForDeploymentPostprocessing = 0;
		};
		8134F9B31CD5B07900B276E0 /* Frameworks */ = {
			isa = PBXFrameworksBuildPhase;
			buildActionMask = 2147483647;
			files = (
			);
			runOnlyForDeploymentPostprocessing = 0;
		};
		8134F9BE1CD5B07900B276E0 /* Frameworks */ = {
			isa = PBXFrameworksBuildPhase;
			buildActionMask = 2147483647;
			files = (
			);
			runOnlyForDeploymentPostprocessing = 0;
		};
/* End PBXFrameworksBuildPhase section */

/* Begin PBXGroup section */
		8134F9941CD5B07900B276E0 = {
			isa = PBXGroup;
			children = (
				8134F99F1CD5B07900B276E0 /* 倒计时设置 */,
				8134F9B91CD5B07900B276E0 /* 倒计时设置Tests */,
				8134F9C41CD5B07900B276E0 /* 倒计时设置UITests */,
				8134F99E1CD5B07900B276E0 /* Products */,
			);
			sourceTree = "<group>";
		};
		8134F99E1CD5B07900B276E0 /* Products */ = {
			isa = PBXGroup;
			children = (
				8134F99D1CD5B07900B276E0 /* 倒计时设置.app */,
				8134F9B61CD5B07900B276E0 /* 倒计时设置Tests.xctest */,
				8134F9C11CD5B07900B276E0 /* 倒计时设置UITests.xctest */,
			);
			name = Products;
			sourceTree = "<group>";
		};
		8134F99F1CD5B07900B276E0 /* 倒计时设置 */ = {
			isa = PBXGroup;
			children = (
				8134F9A31CD5B07900B276E0 /* AppDelegate.h */,
				8134F9A41CD5B07900B276E0 /* AppDelegate.m */,
				8134F9A61CD5B07900B276E0 /* ViewController.h */,
				8134F9A71CD5B07900B276E0 /* ViewController.m */,
				8134F9A91CD5B07900B276E0 /* Main.storyboard */,
				8134F9AC1CD5B07900B276E0 /* Assets.xcassets */,
				8134F9AE1CD5B07900B276E0 /* LaunchScreen.storyboard */,
				8134F9B11CD5B07900B276E0 /* Info.plist */,
				8134F9A01CD5B07900B276E0 /* Supporting Files */,
			);
			path = "倒计时设置";
			sourceTree = "<group>";
		};
		8134F9A01CD5B07900B276E0 /* Supporting Files */ = {
			isa = PBXGroup;
			children = (
				8134F9A11CD5B07900B276E0 /* main.m */,
			);
			name = "Supporting Files";
			sourceTree = "<group>";
		};
		8134F9B91CD5B07900B276E0 /* 倒计时设置Tests */ = {
			isa = PBXGroup;
			children = (
				8134F9BA1CD5B07900B276E0 /* _____Tests.m */,
				8134F9BC1CD5B07900B276E0 /* Info.plist */,
			);
			path = "倒计时设置Tests";
			sourceTree = "<group>";
		};
		8134F9C41CD5B07900B276E0 /* 倒计时设置UITests */ = {
			isa = PBXGroup;
			children = (
				8134F9C51CD5B07900B276E0 /* _____UITests.m */,
				8134F9C71CD5B07900B276E0 /* Info.plist */,
			);
			path = "倒计时设置UITests";
			sourceTree = "<group>";
		};
/* End PBXGroup section */

/* Begin PBXNativeTarget section */
		8134F99C1CD5B07900B276E0 /* 倒计时设置 */ = {
			isa = PBXNativeTarget;
			buildConfigurationList = 8134F9CA1CD5B07900B276E0 /* Build configuration list for PBXNativeTarget "倒计时设置" */;
			buildPhases = (
				8134F9991CD5B07900B276E0 /* Sources */,
				8134F99A1CD5B07900B276E0 /* Frameworks */,
				8134F99B1CD5B07900B276E0 /* Resources */,
			);
			buildRules = (
			);
			dependencies = (
			);
			name = "倒计时设置";
			productName = "倒计时设置";
			productReference = 8134F99D1CD5B07900B276E0 /* 倒计时设置.app */;
			productType = "com.apple.product-type.application";
		};
		8134F9B51CD5B07900B276E0 /* 倒计时设置Tests */ = {
			isa = PBXNativeTarget;
			buildConfigurationList = 8134F9CD1CD5B07900B276E0 /* Build configuration list for PBXNativeTarget "倒计时设置Tests" */;
			buildPhases = (
				8134F9B21CD5B07900B276E0 /* Sources */,
				8134F9B31CD5B07900B276E0 /* Frameworks */,
				8134F9B41CD5B07900B276E0 /* Resources */,
			);
			buildRules = (
			);
			dependencies = (
				8134F9B81CD5B07900B276E0 /* PBXTargetDependency */,
			);
			name = "倒计时设置Tests";
			productName = "倒计时设置Tests";
			productReference = 8134F9B61CD5B07900B276E0 /* 倒计时设置Tests.xctest */;
			productType = "com.apple.product-type.bundle.unit-test";
		};
		8134F9C01CD5B07900B276E0 /* 倒计时设置UITests */ = {
			isa = PBXNativeTarget;
			buildConfigurationList = 8134F9D01CD5B07900B276E0 /* Build configuration list for PBXNativeTarget "倒计时设置UITests" */;
			buildPhases = (
				8134F9BD1CD5B07900B276E0 /* Sources */,
				8134F9BE1CD5B07900B276E0 /* Frameworks */,
				8134F9BF1CD5B07900B276E0 /* Resources */,
			);
			buildRules = (
			);
			dependencies = (
				8134F9C31CD5B07900B276E0 /* PBXTargetDependency */,
			);
			name = "倒计时设置UITests";
			productName = "倒计时设置UITests";
			productReference = 8134F9C11CD5B07900B276E0 /* 倒计时设置UITests.xctest */;
			productType = "com.apple.product-type.bundle.ui-testing";
		};
/* End PBXNativeTarget section */

/* Begin PBXProject section */
		8134F9951CD5B07900B276E0 /* Project object */ = {
			isa = PBXProject;
			attributes = {
				LastUpgradeCheck = 0720;
				ORGANIZATIONNAME = GZ;
				TargetAttributes = {
					8134F99C1CD5B07900B276E0 = {
						CreatedOnToolsVersion = 7.2;
					};
					8134F9B51CD5B07900B276E0 = {
						CreatedOnToolsVersion = 7.2;
						TestTargetID = 8134F99C1CD5B07900B276E0;
					};
					8134F9C01CD5B07900B276E0 = {
						CreatedOnToolsVersion = 7.2;
						TestTargetID = 8134F99C1CD5B07900B276E0;
					};
				};
			};
			buildConfigurationList = 8134F9981CD5B07900B276E0 /* Build configuration list for PBXProject "倒计时设置" */;
			compatibilityVersion = "Xcode 3.2";
			developmentRegion = English;
			hasScannedForEncodings = 0;
			knownRegions = (
				en,
				Base,
			);
			mainGroup = 8134F9941CD5B07900B276E0;
			productRefGroup = 8134F99E1CD5B07900B276E0 /* Products */;
			projectDirPath = "";
			projectRoot = "";
			targets = (
				8134F99C1CD5B07900B276E0 /* 倒计时设置 */,
				8134F9B51CD5B07900B276E0 /* 倒计时设置Tests */,
				8134F9C01CD5B07900B276E0 /* 倒计时设置UITests */,
			);
		};
/* End PBXProject section */

/* Begin PBXResourcesBuildPhase section */
		8134F99B1CD5B07900B276E0 /* Resources */ = {
			isa = PBXResourcesBuildPhase;
			buildActionMask = 2147483647;
			files = (
				8134F9B01CD5B07900B276E0 /* LaunchScreen.storyboard in Resources */,
				8134F9AD1CD5B07900B276E0 /* Assets.xcassets in Resources */,
				8134F9AB1CD5B07900B276E0 /* Main.storyboard in Resources */,
			);
			runOnlyForDeploymentPostprocessing = 0;
		};
		8134F9B41CD5B07900B276E0 /* Resources */ = {
			isa = PBXResourcesBuildPhase;
			buildActionMask = 2147483647;
			files = (
			);
			runOnlyForDeploymentPostprocessing = 0;
		};
		8134F9BF1CD5B07900B276E0 /* Resources */ = {
			isa = PBXResourcesBuildPhase;
			buildActionMask = 2147483647;
			files = (
			);
			runOnlyForDeploymentPostprocessing = 0;
		};
/* End PBXResourcesBuildPhase section */

/* Begin PBXSourcesBuildPhase section */
		8134F9991CD5B07900B276E0 /* Sources */ = {
			isa = PBXSourcesBuildPhase;
			buildActionMask = 2147483647;
			files = (
				8134F9A81CD5B07900B276E0 /* ViewController.m in Sources */,
				8134F9A51CD5B07900B276E0 /* AppDelegate.m in Sources */,
				8134F9A21CD5B07900B276E0 /* main.m in Sources */,
			);
			runOnlyForDeploymentPostprocessing = 0;
		};
		8134F9B21CD5B07900B276E0 /* Sources */ = {
			isa = PBXSourcesBuildPhase;
			buildActionMask = 2147483647;
			files = (
				8134F9BB1CD5B07900B276E0 /* _____Tests.m in Sources */,
			);
			runOnlyForDeploymentPostprocessing = 0;
		};
		8134F9BD1CD5B07900B276E0 /* Sources */ = {
			isa = PBXSourcesBuildPhase;
			buildActionMask = 2147483647;
			files = (
				8134F9C61CD5B07900B276E0 /* _____UITests.m in Sources */,
			);
			runOnlyForDeploymentPostprocessing = 0;
		};
/* End PBXSourcesBuildPhase section */

/* Begin PBXTargetDependency section */
		8134F9B81CD5B07900B276E0 /* PBXTargetDependency */ = {
			isa = PBXTargetDependency;
			target = 8134F99C1CD5B07900B276E0 /* 倒计时设置 */;
			targetProxy = 8134F9B71CD5B07900B276E0 /* PBXContainerItemProxy */;
		};
		8134F9C31CD5B07900B276E0 /* PBXTargetDependency */ = {
			isa = PBXTargetDependency;
			target = 8134F99C1CD5B07900B276E0 /* 倒计时设置 */;
			targetProxy = 8134F9C21CD5B07900B276E0 /* PBXContainerItemProxy */;
		};
/* End PBXTargetDependency section */

/* Begin PBXVariantGroup section */
		8134F9A91CD5B07900B276E0 /* Main.storyboard */ = {
			isa = PBXVariantGroup;
			children = (
				8134F9AA1CD5B07900B276E0 /* Base */,
			);
			name = Main.storyboard;
			sourceTree = "<group>";
		};
		8134F9AE1CD5B07900B276E0 /* LaunchScreen.storyboard */ = {
			isa = PBXVariantGroup;
			children = (
				8134F9AF1CD5B07900B276E0 /* Base */,
			);
			name = LaunchScreen.storyboard;
			sourceTree = "<group>";
		};
/* End PBXVariantGroup section */

/* Begin XCBuildConfiguration section */
		8134F9C81CD5B07900B276E0 /* Debug */ = {
			isa = XCBuildConfiguration;
			buildSettings = {
				ALWAYS_SEARCH_USER_PATHS = NO;
				CLANG_CXX_LANGUAGE_STANDARD = "gnu++0x";
				CLANG_CXX_LIBRARY = "libc++";
				CLANG_ENABLE_MODULES = YES;
				CLANG_ENABLE_OBJC_ARC = YES;
				CLANG_WARN_BOOL_CONVERSION = YES;
				CLANG_WARN_CONSTANT_CONVERSION = YES;
				CLANG_WARN_DIRECT_OBJC_ISA_USAGE = YES_ERROR;
				CLANG_WARN_EMPTY_BODY = YES;
				CLANG_WARN_ENUM_CONVERSION = YES;
				CLANG_WARN_INT_CONVERSION = YES;
				CLANG_WARN_OBJC_ROOT_CLASS = YES_ERROR;
				CLANG_WARN_UNREACHABLE_CODE = YES;
				CLANG_WARN__DUPLICATE_METHOD_MATCH = YES;
				"CODE_SIGN_IDENTITY[sdk=iphoneos*]" = "iPhone Developer";
				COPY_PHASE_STRIP = NO;
				DEBUG_INFORMATION_FORMAT = dwarf;
				ENABLE_STRICT_OBJC_MSGSEND = YES;
				ENABLE_TESTABILITY = YES;
				GCC_C_LANGUAGE_STANDARD = gnu99;
				GCC_DYNAMIC_NO_PIC = NO;
				GCC_NO_COMMON_BLOCKS = YES;
				GCC_OPTIMIZATION_LEVEL = 0;
				GCC_PREPROCESSOR_DEFINITIONS = (
					"DEBUG=1",
					"$(inherited)",
				);
				GCC_WARN_64_TO_32_BIT_CONVERSION = YES;
				GCC_WARN_ABOUT_RETURN_TYPE = YES_ERROR;
				GCC_WARN_UNDECLARED_SELECTOR = YES;
				GCC_WARN_UNINITIALIZED_AUTOS = YES_AGGRESSIVE;
				GCC_WARN_UNUSED_FUNCTION = YES;
				GCC_WARN_UNUSED_VARIABLE = YES;
				IPHONEOS_DEPLOYMENT_TARGET = 9.2;
				MTL_ENABLE_DEBUG_INFO = YES;
				ONLY_ACTIVE_ARCH = YES;
				SDKROOT = iphoneos;
			};
			name = Debug;
		};
		8134F9C91CD5B07900B276E0 /* Release */ = {
			isa = XCBuildConfiguration;
			buildSettings = {
				ALWAYS_SEARCH_USER_PATHS = NO;
				CLANG_CXX_LANGUAGE_STANDARD = "gnu++0x";
				CLANG_CXX_LIBRARY = "libc++";
				CLANG_ENABLE_MODULES = YES;
				CLANG_ENABLE_OBJC_ARC = YES;
				CLANG_WARN_BOOL_CONVERSION = YES;
				CLANG_WARN_CONSTANT_CONVERSION = YES;
				CLANG_WARN_DIRECT_OBJC_ISA_USAGE = YES_ERROR;
				CLANG_WARN_EMPTY_BODY = YES;
				CLANG_WARN_ENUM_CONVERSION = YES;
				CLANG_WARN_INT_CONVERSION = YES;
				CLANG_WARN_OBJC_ROOT_CLASS = YES_ERROR;
				CLANG_WARN_UNREACHABLE_CODE = YES;
				CLANG_WARN__DUPLICATE_METHOD_MATCH = YES;
				"CODE_SIGN_IDENTITY[sdk=iphoneos*]" = "iPhone Developer";
				COPY_PHASE_STRIP = NO;
				DEBUG_INFORMATION_FORMAT = "dwarf-with-dsym";
				ENABLE_NS_ASSERTIONS = NO;
				ENABLE_STRICT_OBJC_MSGSEND = YES;
				GCC_C_LANGUAGE_STANDARD = gnu99;
				GCC_NO_COMMON_BLOCKS = YES;
				GCC_WARN_64_TO_32_BIT_CONVERSION = YES;
				GCC_WARN_ABOUT_RETURN_TYPE = YES_ERROR;
				GCC_WARN_UNDECLARED_SELECTOR = YES;
				GCC_WARN_UNINITIALIZED_AUTOS = YES_AGGRESSIVE;
				GCC_WARN_UNUSED_FUNCTION = YES;
				GCC_WARN_UNUSED_VARIABLE = YES;
				IPHONEOS_DEPLOYMENT_TARGET = 9.2;
				MTL_ENABLE_DEBUG_INFO = NO;
				SDKROOT = iphoneos;
				VALIDATE_PRODUCT = YES;
			};
			name = Release;
		};
		8134F9CB1CD5B07900B276E0 /* Debug */ = {
			isa = XCBuildConfiguration;
			buildSettings = {
				ASSETCATALOG_COMPILER_APPICON_NAME = AppIcon;
				INFOPLIST_FILE = "倒计时设置/Info.plist";
				LD_RUNPATH_SEARCH_PATHS = "$(inherited) @executable_path/Frameworks";
				PRODUCT_BUNDLE_IDENTIFIER = "Zero.-----";
				PRODUCT_NAME = "$(TARGET_NAME)";
			};
			name = Debug;
		};
		8134F9CC1CD5B07900B276E0 /* Release */ = {
			isa = XCBuildConfiguration;
			buildSettings = {
				ASSETCATALOG_COMPILER_APPICON_NAME = AppIcon;
				INFOPLIST_FILE = "倒计时设置/Info.plist";
				LD_RUNPATH_SEARCH_PATHS = "$(inherited) @executable_path/Frameworks";
				PRODUCT_BUNDLE_IDENTIFIER = "Zero.-----";
				PRODUCT_NAME = "$(TARGET_NAME)";
			};
			name = Release;
		};
		8134F9CE1CD5B07900B276E0 /* Debug */ = {
			isa = XCBuildConfiguration;
			buildSettings = {
				BUNDLE_LOADER = "$(TEST_HOST)";
				INFOPLIST_FILE = "倒计时设置Tests/Info.plist";
				LD_RUNPATH_SEARCH_PATHS = "$(inherited) @executable_path/Frameworks @loader_path/Frameworks";
				PRODUCT_BUNDLE_IDENTIFIER = "Zero.-----Tests";
				PRODUCT_NAME = "$(TARGET_NAME)";
				TEST_HOST = "$(BUILT_PRODUCTS_DIR)/倒计时设置.app/倒计时设置";
			};
			name = Debug;
		};
		8134F9CF1CD5B07900B276E0 /* Release */ = {
			isa = XCBuildConfiguration;
			buildSettings = {
				BUNDLE_LOADER = "$(TEST_HOST)";
				INFOPLIST_FILE = "倒计时设置Tests/Info.plist";
				LD_RUNPATH_SEARCH_PATHS = "$(inherited) @executable_path/Frameworks @loader_path/Frameworks";
				PRODUCT_BUNDLE_IDENTIFIER = "Zero.-----Tests";
				PRODUCT_NAME = "$(TARGET_NAME)";
				TEST_HOST = "$(BUILT_PRODUCTS_DIR)/倒计时设置.app/倒计时设置";
			};
			name = Release;
		};
		8134F9D11CD5B07900B276E0 /* Debug */ = {
			isa = XCBuildConfiguration;
			buildSettings = {
				INFOPLIST_FILE = "倒计时设置UITests/Info.plist";
				LD_RUNPATH_SEARCH_PATHS = "$(inherited) @executable_path/Frameworks @loader_path/Frameworks";
				PRODUCT_BUNDLE_IDENTIFIER = "Zero.-----UITests";
				PRODUCT_NAME = "$(TARGET_NAME)";
				TEST_TARGET_NAME = "倒计时设置";
				USES_XCTRUNNER = YES;
			};
			name = Debug;
		};
		8134F9D21CD5B07900B276E0 /* Release */ = {
			isa = XCBuildConfiguration;
			buildSettings = {
				INFOPLIST_FILE = "倒计时设置UITests/Info.plist";
				LD_RUNPATH_SEARCH_PATHS = "$(inherited) @executable_path/Frameworks @loader_path/Frameworks";
				PRODUCT_BUNDLE_IDENTIFIER = "Zero.-----UITests";
				PRODUCT_NAME = "$(TARGET_NAME)";
				TEST_TARGET_NAME = "倒计时设置";
				USES_XCTRUNNER = YES;
			};
			name = Release;
		};
/* End XCBuildConfiguration section */

/* Begin XCConfigurationList section */
		8134F9981CD5B07900B276E0 /* Build configuration list for PBXProject "倒计时设置" */ = {
			isa = XCConfigurationList;
			buildConfigurations = (
				8134F9C81CD5B07900B276E0 /* Debug */,
				8134F9C91CD5B07900B276E0 /* Release */,
			);
			defaultConfigurationIsVisible = 0;
			defaultConfigurationName = Release;
		};
		8134F9CA1CD5B07900B276E0 /* Build configuration list for PBXNativeTarget "倒计时设置" */ = {
			isa = XCConfigurationList;
			buildConfigurations = (
				8134F9CB1CD5B07900B276E0 /* Debug */,
				8134F9CC1CD5B07900B276E0 /* Release */,
			);
			defaultConfigurationIsVisible = 0;
		};
		8134F9CD1CD5B07900B276E0 /* Build configuration list for PBXNativeTarget "倒计时设置Tests" */ = {
			isa = XCConfigurationList;
			buildConfigurations = (
				8134F9CE1CD5B07900B276E0 /* Debug */,
				8134F9CF1CD5B07900B276E0 /* Release */,
			);
			defaultConfigurationIsVisible = 0;
		};
		8134F9D01CD5B07900B276E0 /* Build configuration list for PBXNativeTarget "倒计时设置UITests" */ = {
			isa = XCConfigurationList;
			buildConfigurations = (
				8134F9D11CD5B07900B276E0 /* Debug */,
				8134F9D21CD5B07900B276E0 /* Release */,
			);
			defaultConfigurationIsVisible = 0;
		};
/* End XCConfigurationList section */
	};
	rootObject = 8134F9951CD5B07900B276E0 /* Project object */;
}
